// !$*UTF8*$!
{
	archiveVersion = 1;
	classes = {
	};
	objectVersion = 56;
	objects = {

/* Begin PBXBuildFile section */
		9C58F6362935233D00A44079 /* SplashScreenView.swift in Sources */ = {isa = PBXBuildFile; fileRef = 9C58F6352935233D00A44079 /* SplashScreenView.swift */; };
		9CAD38552929F52D00615142 /* Assets.xcassets in Resources */ = {isa = PBXBuildFile; fileRef = 9CAD38542929F52D00615142 /* Assets.xcassets */; };
		9CAD38582929F52D00615142 /* Preview Assets.xcassets in Resources */ = {isa = PBXBuildFile; fileRef = 9CAD38572929F52D00615142 /* Preview Assets.xcassets */; };
		9CAD38602929F63200615142 /* ColumnStepper.swift in Sources */ = {isa = PBXBuildFile; fileRef = 9CAD385F2929F63200615142 /* ColumnStepper.swift */; };
		9CAD38622929F66300615142 /* DataModel.swift in Sources */ = {isa = PBXBuildFile; fileRef = 9CAD38612929F66300615142 /* DataModel.swift */; };
		9CAD38642929F6F300615142 /* DetailView.swift in Sources */ = {isa = PBXBuildFile; fileRef = 9CAD38632929F6F300615142 /* DetailView.swift */; };
		9CAD38662929F78E00615142 /* FileManagerExtensions.swift in Sources */ = {isa = PBXBuildFile; fileRef = 9CAD38652929F78E00615142 /* FileManagerExtensions.swift */; };
		9CAD38682929F7C500615142 /* GridItemView.swift in Sources */ = {isa = PBXBuildFile; fileRef = 9CAD38672929F7C500615142 /* GridItemView.swift */; };
		9CAD386A2929F7F500615142 /* GridView.swift in Sources */ = {isa = PBXBuildFile; fileRef = 9CAD38692929F7F500615142 /* GridView.swift */; };
		9CAD386C2929F82F00615142 /* ImageGalleryApp.swift in Sources */ = {isa = PBXBuildFile; fileRef = 9CAD386B2929F82F00615142 /* ImageGalleryApp.swift */; };
		9CAD386E2929F85400615142 /* Item.swift in Sources */ = {isa = PBXBuildFile; fileRef = 9CAD386D2929F85400615142 /* Item.swift */; };
		9CAD38702929F87900615142 /* PhotoPicker.swift in Sources */ = {isa = PBXBuildFile; fileRef = 9CAD386F2929F87900615142 /* PhotoPicker.swift */; };
		9CAD38722929F9A900615142 /* CalcView.swift in Sources */ = {isa = PBXBuildFile; fileRef = 9CAD38712929F9A900615142 /* CalcView.swift */; };
/* End PBXBuildFile section */

/* Begin PBXFileReference section */
		9C58F6352935233D00A44079 /* SplashScreenView.swift */ = {isa = PBXFileReference; lastKnownFileType = sourcecode.swift; path = SplashScreenView.swift; sourceTree = "<group>"; };
		9CAD384D2929F52D00615142 /* Calc++.app */ = {isa = PBXFileReference; explicitFileType = wrapper.application; includeInIndex = 0; path = "Calc++.app"; sourceTree = BUILT_PRODUCTS_DIR; };
		9CAD38542929F52D00615142 /* Assets.xcassets */ = {isa = PBXFileReference; lastKnownFileType = folder.assetcatalog; path = Assets.xcassets; sourceTree = "<group>"; };
		9CAD38572929F52D00615142 /* Preview Assets.xcassets */ = {isa = PBXFileReference; lastKnownFileType = folder.assetcatalog; path = "Preview Assets.xcassets"; sourceTree = "<group>"; };
		9CAD385F2929F63200615142 /* ColumnStepper.swift */ = {isa = PBXFileReference; lastKnownFileType = sourcecode.swift; path = ColumnStepper.swift; sourceTree = "<group>"; };
		9CAD38612929F66300615142 /* DataModel.swift */ = {isa = PBXFileReference; lastKnownFileType = sourcecode.swift; path = DataModel.swift; sourceTree = "<group>"; };
		9CAD38632929F6F300615142 /* DetailView.swift */ = {isa = PBXFileReference; lastKnownFileType = sourcecode.swift; path = DetailView.swift; sourceTree = "<group>"; };
		9CAD38652929F78E00615142 /* FileManagerExtensions.swift */ = {isa = PBXFileReference; lastKnownFileType = sourcecode.swift; path = FileManagerExtensions.swift; sourceTree = "<group>"; };
		9CAD38672929F7C500615142 /* GridItemView.swift */ = {isa = PBXFileReference; lastKnownFileType = sourcecode.swift; path = GridItemView.swift; sourceTree = "<group>"; };
		9CAD38692929F7F500615142 /* GridView.swift */ = {isa = PBXFileReference; lastKnownFileType = sourcecode.swift; path = GridView.swift; sourceTree = "<group>"; };
		9CAD386B2929F82F00615142 /* ImageGalleryApp.swift */ = {isa = PBXFileReference; lastKnownFileType = sourcecode.swift; path = ImageGalleryApp.swift; sourceTree = "<group>"; };
		9CAD386D2929F85400615142 /* Item.swift */ = {isa = PBXFileReference; lastKnownFileType = sourcecode.swift; path = Item.swift; sourceTree = "<group>"; };
		9CAD386F2929F87900615142 /* PhotoPicker.swift */ = {isa = PBXFileReference; lastKnownFileType = sourcecode.swift; path = PhotoPicker.swift; sourceTree = "<group>"; };
		9CAD38712929F9A900615142 /* CalcView.swift */ = {isa = PBXFileReference; lastKnownFileType = sourcecode.swift; path = CalcView.swift; sourceTree = "<group>"; };
/* End PBXFileReference section */

/* Begin PBXFrameworksBuildPhase section */
		9CAD384A2929F52D00615142 /* Frameworks */ = {
			isa = PBXFrameworksBuildPhase;
			buildActionMask = 2147483647;
			files = (
			);
			runOnlyForDeploymentPostprocessing = 0;
		};
/* End PBXFrameworksBuildPhase section */

/* Begin PBXGroup section */
		9CAD38442929F52D00615142 = {
			isa = PBXGroup;
			children = (
				9CAD384F2929F52D00615142 /* Calc++ */,
				9CAD384E2929F52D00615142 /* Products */,
			);
			sourceTree = "<group>";
		};
		9CAD384E2929F52D00615142 /* Products */ = {
			isa = PBXGroup;
			children = (
				9CAD384D2929F52D00615142 /* Calc++.app */,
			);
			name = Products;
			sourceTree = "<group>";
		};
		9CAD384F2929F52D00615142 /* Calc++ */ = {
			isa = PBXGroup;
			children = (
				9CAD38712929F9A900615142 /* CalcView.swift */,
				9CAD385F2929F63200615142 /* ColumnStepper.swift */,
				9CAD38612929F66300615142 /* DataModel.swift */,
				9CAD38632929F6F300615142 /* DetailView.swift */,
				9CAD38652929F78E00615142 /* FileManagerExtensions.swift */,
				9CAD38672929F7C500615142 /* GridItemView.swift */,
				9CAD38692929F7F500615142 /* GridView.swift */,
				9CAD386B2929F82F00615142 /* ImageGalleryApp.swift */,
				9C58F6352935233D00A44079 /* SplashScreenView.swift */,
				9CAD386D2929F85400615142 /* Item.swift */,
				9CAD386F2929F87900615142 /* PhotoPicker.swift */,
				9CAD38542929F52D00615142 /* Assets.xcassets */,
				9CAD38562929F52D00615142 /* Preview Content */,
			);
			path = "Calc++";
			sourceTree = "<group>";
		};
		9CAD38562929F52D00615142 /* Preview Content */ = {
			isa = PBXGroup;
			children = (
				9CAD38572929F52D00615142 /* Preview Assets.xcassets */,
			);
			path = "Preview Content";
			sourceTree = "<group>";
		};
/* End PBXGroup section */

/* Begin PBXNativeTarget section */
		9CAD384C2929F52D00615142 /* Calc++ */ = {
			isa = PBXNativeTarget;
			buildConfigurationList = 9CAD385B2929F52D00615142 /* Build configuration list for PBXNativeTarget "Calc++" */;
			buildPhases = (
				9CAD38492929F52D00615142 /* Sources */,
				9CAD384A2929F52D00615142 /* Frameworks */,
				9CAD384B2929F52D00615142 /* Resources */,
			);
			buildRules = (
			);
			dependencies = (
			);
			name = "Calc++";
			productName = "Calc++";
			productReference = 9CAD384D2929F52D00615142 /* Calc++.app */;
			productType = "com.apple.product-type.application";
		};
/* End PBXNativeTarget section */

/* Begin PBXProject section */
		9CAD38452929F52D00615142 /* Project object */ = {
			isa = PBXProject;
			attributes = {
				BuildIndependentTargetsInParallel = 1;
				LastSwiftUpdateCheck = 1400;
				LastUpgradeCheck = 1400;
				TargetAttributes = {
					9CAD384C2929F52D00615142 = {
						CreatedOnToolsVersion = 14.0.1;
					};
				};
			};
			buildConfigurationList = 9CAD38482929F52D00615142 /* Build configuration list for PBXProject "Calc++" */;
			compatibilityVersion = "Xcode 14.0";
			developmentRegion = en;
			hasScannedForEncodings = 0;
			knownRegions = (
				en,
				Base,
			);
			mainGroup = 9CAD38442929F52D00615142;
			productRefGroup = 9CAD384E2929F52D00615142 /* Products */;
			projectDirPath = "";
			projectRoot = "";
			targets = (
				9CAD384C2929F52D00615142 /* Calc++ */,
			);
		};
/* End PBXProject section */

/* Begin PBXResourcesBuildPhase section */
		9CAD384B2929F52D00615142 /* Resources */ = {
			isa = PBXResourcesBuildPhase;
			buildActionMask = 2147483647;
			files = (
				9CAD38582929F52D00615142 /* Preview Assets.xcassets in Resources */,
				9CAD38552929F52D00615142 /* Assets.xcassets in Resources */,
			);
			runOnlyForDeploymentPostprocessing = 0;
		};
/* End PBXResourcesBuildPhase section */

/* Begin PBXSourcesBuildPhase section */
		9CAD38492929F52D00615142 /* Sources */ = {
			isa = PBXSourcesBuildPhase;
			buildActionMask = 2147483647;
			files = (
				9CAD386E2929F85400615142 /* Item.swift in Sources */,
				9CAD38702929F87900615142 /* PhotoPicker.swift in Sources */,
				9CAD38622929F66300615142 /* DataModel.swift in Sources */,
				9CAD386A2929F7F500615142 /* GridView.swift in Sources */,
				9C58F6362935233D00A44079 /* SplashScreenView.swift in Sources */,
				9CAD38602929F63200615142 /* ColumnStepper.swift in Sources */,
				9CAD38682929F7C500615142 /* GridItemView.swift in Sources */,
				9CAD38642929F6F300615142 /* DetailView.swift in Sources */,
				9CAD386C2929F82F00615142 /* ImageGalleryApp.swift in Sources */,
				9CAD38662929F78E00615142 /* FileManagerExtensions.swift in Sources */,
				9CAD38722929F9A900615142 /* CalcView.swift in Sources */,
			);
			runOnlyForDeploymentPostprocessing = 0;
		};
/* End PBXSourcesBuildPhase section */

/* Begin XCBuildConfiguration section */
		9CAD38592929F52D00615142 /* Debug */ = {
			isa = XCBuildConfiguration;
			buildSettings = {
				ALWAYS_SEARCH_USER_PATHS = NO;
				CLANG_ANALYZER_NONNULL = YES;
				CLANG_ANALYZER_NUMBER_OBJECT_CONVERSION = YES_AGGRESSIVE;
				CLANG_CXX_LANGUAGE_STANDARD = "gnu++20";
				CLANG_ENABLE_MODULES = YES;
				CLANG_ENABLE_OBJC_ARC = YES;
				CLANG_ENABLE_OBJC_WEAK = YES;
				CLANG_WARN_BLOCK_CAPTURE_AUTORELEASING = YES;
				CLANG_WARN_BOOL_CONVERSION = YES;
				CLANG_WARN_COMMA = YES;
				CLANG_WARN_CONSTANT_CONVERSION = YES;
				CLANG_WARN_DEPRECATED_OBJC_IMPLEMENTATIONS = YES;
				CLANG_WARN_DIRECT_OBJC_ISA_USAGE = YES_ERROR;
				CLANG_WARN_DOCUMENTATION_COMMENTS = YES;
				CLANG_WARN_EMPTY_BODY = YES;
				CLANG_WARN_ENUM_CONVERSION = YES;
				CLANG_WARN_INFINITE_RECURSION = YES;
				CLANG_WARN_INT_CONVERSION = YES;
				CLANG_WARN_NON_LITERAL_NULL_CONVERSION = YES;
				CLANG_WARN_OBJC_IMPLICIT_RETAIN_SELF = YES;
				CLANG_WARN_OBJC_LITERAL_CONVERSION = YES;
				CLANG_WARN_OBJC_ROOT_CLASS = YES_ERROR;
				CLANG_WARN_QUOTED_INCLUDE_IN_FRAMEWORK_HEADER = YES;
				CLANG_WARN_RANGE_LOOP_ANALYSIS = YES;
				CLANG_WARN_STRICT_PROTOTYPES = YES;
				CLANG_WARN_SUSPICIOUS_MOVE = YES;
				CLANG_WARN_UNGUARDED_AVAILABILITY = YES_AGGRESSIVE;
				CLANG_WARN_UNREACHABLE_CODE = YES;
				CLANG_WARN__DUPLICATE_METHOD_MATCH = YES;
				COPY_PHASE_STRIP = NO;
				DEBUG_INFORMATION_FORMAT = dwarf;
				ENABLE_STRICT_OBJC_MSGSEND = YES;
				ENABLE_TESTABILITY = YES;
				GCC_C_LANGUAGE_STANDARD = gnu11;
				GCC_DYNAMIC_NO_PIC = NO;
				GCC_NO_COMMON_BLOCKS = YES;
				GCC_OPTIMIZATION_LEVEL = 0;
				GCC_PREPROCESSOR_DEFINITIONS = (
					"DEBUG=1",
					"$(inherited)",
				);
				GCC_WARN_64_TO_32_BIT_CONVERSION = YES;
				GCC_WARN_ABOUT_RETURN_TYPE = YES_ERROR;
				GCC_WARN_UNDECLARED_SELECTOR = YES;
				GCC_WARN_UNINITIALIZED_AUTOS = YES_AGGRESSIVE;
				GCC_WARN_UNUSED_FUNCTION = YES;
				GCC_WARN_UNUSED_VARIABLE = YES;
				IPHONEOS_DEPLOYMENT_TARGET = 16.0;
				MTL_ENABLE_DEBUG_INFO = INCLUDE_SOURCE;
				MTL_FAST_MATH = YES;
				ONLY_ACTIVE_ARCH = YES;
				SDKROOT = iphoneos;
				SWIFT_ACTIVE_COMPILATION_CONDITIONS = DEBUG;
				SWIFT_OPTIMIZATION_LEVEL = "-Onone";
			};
			name = Debug;
		};
		9CAD385A2929F52D00615142 /* Release */ = {
			isa = XCBuildConfiguration;
			buildSettings = {
				ALWAYS_SEARCH_USER_PATHS = NO;
				CLANG_ANALYZER_NONNULL = YES;
				CLANG_ANALYZER_NUMBER_OBJECT_CONVERSION = YES_AGGRESSIVE;
				CLANG_CXX_LANGUAGE_STANDARD = "gnu++20";
				CLANG_ENABLE_MODULES = YES;
				CLANG_ENABLE_OBJC_ARC = YES;
				CLANG_ENABLE_OBJC_WEAK = YES;
				CLANG_WARN_BLOCK_CAPTURE_AUTORELEASING = YES;
				CLANG_WARN_BOOL_CONVERSION = YES;
				CLANG_WARN_COMMA = YES;
				CLANG_WARN_CONSTANT_CONVERSION = YES;
				CLANG_WARN_DEPRECATED_OBJC_IMPLEMENTATIONS = YES;
				CLANG_WARN_DIRECT_OBJC_ISA_USAGE = YES_ERROR;
				CLANG_WARN_DOCUMENTATION_COMMENTS = YES;
				CLANG_WARN_EMPTY_BODY = YES;
				CLANG_WARN_ENUM_CONVERSION = YES;
				CLANG_WARN_INFINITE_RECURSION = YES;
				CLANG_WARN_INT_CONVERSION = YES;
				CLANG_WARN_NON_LITERAL_NULL_CONVERSION = YES;
				CLANG_WARN_OBJC_IMPLICIT_RETAIN_SELF = YES;
				CLANG_WARN_OBJC_LITERAL_CONVERSION = YES;
				CLANG_WARN_OBJC_ROOT_CLASS = YES_ERROR;
				CLANG_WARN_QUOTED_INCLUDE_IN_FRAMEWORK_HEADER = YES;
				CLANG_WARN_RANGE_LOOP_ANALYSIS = YES;
				CLANG_WARN_STRICT_PROTOTYPES = YES;
				CLANG_WARN_SUSPICIOUS_MOVE = YES;
				CLANG_WARN_UNGUARDED_AVAILABILITY = YES_AGGRESSIVE;
				CLANG_WARN_UNREACHABLE_CODE = YES;
				CLANG_WARN__DUPLICATE_METHOD_MATCH = YES;
				COPY_PHASE_STRIP = NO;
				DEBUG_INFORMATION_FORMAT = "dwarf-with-dsym";
				ENABLE_NS_ASSERTIONS = NO;
				ENABLE_STRICT_OBJC_MSGSEND = YES;
				GCC_C_LANGUAGE_STANDARD = gnu11;
				GCC_NO_COMMON_BLOCKS = YES;
				GCC_WARN_64_TO_32_BIT_CONVERSION = YES;
				GCC_WARN_ABOUT_RETURN_TYPE = YES_ERROR;
				GCC_WARN_UNDECLARED_SELECTOR = YES;
				GCC_WARN_UNINITIALIZED_AUTOS = YES_AGGRESSIVE;
				GCC_WARN_UNUSED_FUNCTION = YES;
				GCC_WARN_UNUSED_VARIABLE = YES;
				IPHONEOS_DEPLOYMENT_TARGET = 16.0;
				MTL_ENABLE_DEBUG_INFO = NO;
				MTL_FAST_MATH = YES;
				SDKROOT = iphoneos;
				SWIFT_COMPILATION_MODE = wholemodule;
				SWIFT_OPTIMIZATION_LEVEL = "-O";
				VALIDATE_PRODUCT = YES;
			};
			name = Release;
		};
		9CAD385C2929F52D00615142 /* Debug */ = {
			isa = XCBuildConfiguration;
			buildSettings = {
				ASSETCATALOG_COMPILER_APPICON_NAME = AppIcon;
				ASSETCATALOG_COMPILER_GLOBAL_ACCENT_COLOR_NAME = AccentColor;
				CODE_SIGN_STYLE = Automatic;
				CURRENT_PROJECT_VERSION = 1;
				DEVELOPMENT_ASSET_PATHS = "\"Calc++/Preview Content\"";
				DEVELOPMENT_TEAM = 68ZN8UQ4FK;
				ENABLE_PREVIEWS = YES;
				GENERATE_INFOPLIST_FILE = YES;
				INFOPLIST_KEY_NSFaceIDUsageDescription = "Unlock Secure Data";
				INFOPLIST_KEY_UIApplicationSceneManifest_Generation = YES;
				INFOPLIST_KEY_UIApplicationSupportsIndirectInputEvents = YES;
				INFOPLIST_KEY_UILaunchScreen_Generation = YES;
				INFOPLIST_KEY_UISupportedInterfaceOrientations_iPad = "UIInterfaceOrientationPortrait UIInterfaceOrientationPortraitUpsideDown UIInterfaceOrientationLandscapeLeft UIInterfaceOrientationLandscapeRight";
				INFOPLIST_KEY_UISupportedInterfaceOrientations_iPhone = "UIInterfaceOrientationPortrait UIInterfaceOrientationLandscapeLeft UIInterfaceOrientationLandscapeRight";
				LD_RUNPATH_SEARCH_PATHS = (
					"$(inherited)",
					"@executable_path/Frameworks",
				);
				MARKETING_VERSION = 1.0;
				PRODUCT_BUNDLE_IDENTIFIER = "swift.Calc--";
				PRODUCT_NAME = "$(TARGET_NAME)";
				SWIFT_EMIT_LOC_STRINGS = YES;
				SWIFT_VERSION = 5.0;
				TARGETED_DEVICE_FAMILY = "1,2";
			};
			name = Debug;
		};
		9CAD385D2929F52D00615142 /* Release */ = {
			isa = XCBuildConfiguration;
			buildSettings = {
				ASSETCATALOG_COMPILER_APPICON_NAME = AppIcon;
				ASSETCATALOG_COMPILER_GLOBAL_ACCENT_COLOR_NAME = AccentColor;
				CODE_SIGN_STYLE = Automatic;
				CURRENT_PROJECT_VERSION = 1;
				DEVELOPMENT_ASSET_PATHS = "\"Calc++/Preview Content\"";
				DEVELOPMENT_TEAM = 68ZN8UQ4FK;
				ENABLE_PREVIEWS = YES;
				GENERATE_INFOPLIST_FILE = YES;
				INFOPLIST_KEY_NSFaceIDUsageDescription = "Unlock Secure Data";
				INFOPLIST_KEY_UIApplicationSceneManifest_Generation = YES;
				INFOPLIST_KEY_UIApplicationSupportsIndirectInputEvents = YES;
				INFOPLIST_KEY_UILaunchScreen_Generation = YES;
				INFOPLIST_KEY_UISupportedInterfaceOrientations_iPad = "UIInterfaceOrientationPortrait UIInterfaceOrientationPortraitUpsideDown UIInterfaceOrientationLandscapeLeft UIInterfaceOrientationLandscapeRight";
				INFOPLIST_KEY_UISupportedInterfaceOrientations_iPhone = "UIInterfaceOrientationPortrait UIInterfaceOrientationLandscapeLeft UIInterfaceOrientationLandscapeRight";
				LD_RUNPATH_SEARCH_PATHS = (
					"$(inherited)",
					"@executable_path/Frameworks",
				);
				MARKETING_VERSION = 1.0;
				PRODUCT_BUNDLE_IDENTIFIER = "swift.Calc--";
				PRODUCT_NAME = "$(TARGET_NAME)";
				SWIFT_EMIT_LOC_STRINGS = YES;
				SWIFT_VERSION = 5.0;
				TARGETED_DEVICE_FAMILY = "1,2";
			};
			name = Release;
		};
/* End XCBuildConfiguration section */

/* Begin XCConfigurationList section */
		9CAD38482929F52D00615142 /* Build configuration list for PBXProject "Calc++" */ = {
			isa = XCConfigurationList;
			buildConfigurations = (
				9CAD38592929F52D00615142 /* Debug */,
				9CAD385A2929F52D00615142 /* Release */,
			);
			defaultConfigurationIsVisible = 0;
			defaultConfigurationName = Release;
		};
		9CAD385B2929F52D00615142 /* Build configuration list for PBXNativeTarget "Calc++" */ = {
			isa = XCConfigurationList;
			buildConfigurations = (
				9CAD385C2929F52D00615142 /* Debug */,
				9CAD385D2929F52D00615142 /* Release */,
			);
			defaultConfigurationIsVisible = 0;
			defaultConfigurationName = Release;
		};
/* End XCConfigurationList section */
	};
	rootObject = 9CAD38452929F52D00615142 /* Project object */;
}
