{
  "pins" : [
    {
      "identity" : "openaiswift",
      "kind" : "remoteSourceControl",
      "location" : "https://github.com/adamrushy/OpenAISwift",
      "state" : {
        "branch" : "main",
        "revision" : "6b91a1294717559611039ccd32ddf7830d633e16"
      }
    }
  ],
  "version" : 2
}
