// !$*UTF8*$!
{
	archiveVersion = 1;
	classes = {
	};
	objectVersion = 50;
	objects = {

/* Begin PBXBuildFile section */
		9C05D1CC271BEF8E00B56F90 /* Swift_Slot_MachineApp.swift in Sources */ = {isa = PBXBuildFile; fileRef = 9C05D1CB271BEF8E00B56F90 /* Swift_Slot_MachineApp.swift */; };
		9C05D1CE271BEF8E00B56F90 /* ContentView.swift in Sources */ = {isa = PBXBuildFile; fileRef = 9C05D1CD271BEF8E00B56F90 /* ContentView.swift */; };
		9C05D1D0271BEF9700B56F90 /* Assets.xcassets in Resources */ = {isa = PBXBuildFile; fileRef = 9C05D1CF271BEF9700B56F90 /* Assets.xcassets */; };
		9C05D1D3271BEF9700B56F90 /* Preview Assets.xcassets in Resources */ = {isa = PBXBuildFile; fileRef = 9C05D1D2271BEF9700B56F90 /* Preview Assets.xcassets */; };
		9C470C8D29539260008CF226 /* WarGame.swift in Sources */ = {isa = PBXBuildFile; fileRef = 9C470C8C29539260008CF226 /* WarGame.swift */; };
		9C470C8F2953936B008CF226 /* SlotMachineView.swift in Sources */ = {isa = PBXBuildFile; fileRef = 9C470C8E2953936B008CF226 /* SlotMachineView.swift */; };
		9C82B103275227B7002C201D /* CardView.swift in Sources */ = {isa = PBXBuildFile; fileRef = 9C82B102275227B7002C201D /* CardView.swift */; };
/* End PBXBuildFile section */

/* Begin PBXFileReference section */
		9C05D1C8271BEF8E00B56F90 /* Icasino.app */ = {isa = PBXFileReference; explicitFileType = wrapper.application; includeInIndex = 0; path = Icasino.app; sourceTree = BUILT_PRODUCTS_DIR; };
		9C05D1CB271BEF8E00B56F90 /* Swift_Slot_MachineApp.swift */ = {isa = PBXFileReference; lastKnownFileType = sourcecode.swift; path = Swift_Slot_MachineApp.swift; sourceTree = "<group>"; };
		9C05D1CD271BEF8E00B56F90 /* ContentView.swift */ = {isa = PBXFileReference; lastKnownFileType = sourcecode.swift; path = ContentView.swift; sourceTree = "<group>"; };
		9C05D1CF271BEF9700B56F90 /* Assets.xcassets */ = {isa = PBXFileReference; lastKnownFileType = folder.assetcatalog; path = Assets.xcassets; sourceTree = "<group>"; };
		9C05D1D2271BEF9700B56F90 /* Preview Assets.xcassets */ = {isa = PBXFileReference; lastKnownFileType = folder.assetcatalog; path = "Preview Assets.xcassets"; sourceTree = "<group>"; };
		9C05D1D4271BEF9700B56F90 /* Info.plist */ = {isa = PBXFileReference; lastKnownFileType = text.plist.xml; path = Info.plist; sourceTree = "<group>"; };
		9C470C8C29539260008CF226 /* WarGame.swift */ = {isa = PBXFileReference; lastKnownFileType = sourcecode.swift; path = WarGame.swift; sourceTree = "<group>"; };
		9C470C8E2953936B008CF226 /* SlotMachineView.swift */ = {isa = PBXFileReference; lastKnownFileType = sourcecode.swift; path = SlotMachineView.swift; sourceTree = "<group>"; };
		9C82B102275227B7002C201D /* CardView.swift */ = {isa = PBXFileReference; lastKnownFileType = sourcecode.swift; path = CardView.swift; sourceTree = "<group>"; };
/* End PBXFileReference section */

/* Begin PBXFrameworksBuildPhase section */
		9C05D1C5271BEF8E00B56F90 /* Frameworks */ = {
			isa = PBXFrameworksBuildPhase;
			buildActionMask = 2147483647;
			files = (
			);
			runOnlyForDeploymentPostprocessing = 0;
		};
/* End PBXFrameworksBuildPhase section */

/* Begin PBXGroup section */
		9C05D1BF271BEF8E00B56F90 = {
			isa = PBXGroup;
			children = (
				9C05D1CA271BEF8E00B56F90 /* Swift Slot Machine */,
				9C05D1C9271BEF8E00B56F90 /* Products */,
			);
			sourceTree = "<group>";
		};
		9C05D1C9271BEF8E00B56F90 /* Products */ = {
			isa = PBXGroup;
			children = (
				9C05D1C8271BEF8E00B56F90 /* Icasino.app */,
			);
			name = Products;
			sourceTree = "<group>";
		};
		9C05D1CA271BEF8E00B56F90 /* Swift Slot Machine */ = {
			isa = PBXGroup;
			children = (
				9C05D1CB271BEF8E00B56F90 /* Swift_Slot_MachineApp.swift */,
				9C05D1CD271BEF8E00B56F90 /* ContentView.swift */,
				9C470C8E2953936B008CF226 /* SlotMachineView.swift */,
				9C470C8C29539260008CF226 /* WarGame.swift */,
				9C05D1CF271BEF9700B56F90 /* Assets.xcassets */,
				9C05D1D4271BEF9700B56F90 /* Info.plist */,
				9C05D1D1271BEF9700B56F90 /* Preview Content */,
				9C82B102275227B7002C201D /* CardView.swift */,
			);
			path = "Swift Slot Machine";
			sourceTree = "<group>";
		};
		9C05D1D1271BEF9700B56F90 /* Preview Content */ = {
			isa = PBXGroup;
			children = (
				9C05D1D2271BEF9700B56F90 /* Preview Assets.xcassets */,
			);
			path = "Preview Content";
			sourceTree = "<group>";
		};
/* End PBXGroup section */

/* Begin PBXNativeTarget section */
		9C05D1C7271BEF8E00B56F90 /* Icasino */ = {
			isa = PBXNativeTarget;
			buildConfigurationList = 9C05D1D7271BEF9700B56F90 /* Build configuration list for PBXNativeTarget "Icasino" */;
			buildPhases = (
				9C05D1C4271BEF8E00B56F90 /* Sources */,
				9C05D1C5271BEF8E00B56F90 /* Frameworks */,
				9C05D1C6271BEF8E00B56F90 /* Resources */,
			);
			buildRules = (
			);
			dependencies = (
			);
			name = Icasino;
			productName = "Swift Slot Machine";
			productReference = 9C05D1C8271BEF8E00B56F90 /* Icasino.app */;
			productType = "com.apple.product-type.application";
		};
/* End PBXNativeTarget section */

/* Begin PBXProject section */
		9C05D1C0271BEF8E00B56F90 /* Project object */ = {
			isa = PBXProject;
			attributes = {
				LastSwiftUpdateCheck = 1230;
				LastUpgradeCheck = 1230;
				TargetAttributes = {
					9C05D1C7271BEF8E00B56F90 = {
						CreatedOnToolsVersion = 12.3;
					};
				};
			};
			buildConfigurationList = 9C05D1C3271BEF8E00B56F90 /* Build configuration list for PBXProject "Swift Slot Machine" */;
			compatibilityVersion = "Xcode 9.3";
			developmentRegion = en;
			hasScannedForEncodings = 0;
			knownRegions = (
				en,
				Base,
			);
			mainGroup = 9C05D1BF271BEF8E00B56F90;
			productRefGroup = 9C05D1C9271BEF8E00B56F90 /* Products */;
			projectDirPath = "";
			projectRoot = "";
			targets = (
				9C05D1C7271BEF8E00B56F90 /* Icasino */,
			);
		};
/* End PBXProject section */

/* Begin PBXResourcesBuildPhase section */
		9C05D1C6271BEF8E00B56F90 /* Resources */ = {
			isa = PBXResourcesBuildPhase;
			buildActionMask = 2147483647;
			files = (
				9C05D1D3271BEF9700B56F90 /* Preview Assets.xcassets in Resources */,
				9C05D1D0271BEF9700B56F90 /* Assets.xcassets in Resources */,
			);
			runOnlyForDeploymentPostprocessing = 0;
		};
/* End PBXResourcesBuildPhase section */

/* Begin PBXSourcesBuildPhase section */
		9C05D1C4271BEF8E00B56F90 /* Sources */ = {
			isa = PBXSourcesBuildPhase;
			buildActionMask = 2147483647;
			files = (
				9C470C8D29539260008CF226 /* WarGame.swift in Sources */,
				9C05D1CE271BEF8E00B56F90 /* ContentView.swift in Sources */,
				9C82B103275227B7002C201D /* CardView.swift in Sources */,
				9C470C8F2953936B008CF226 /* SlotMachineView.swift in Sources */,
				9C05D1CC271BEF8E00B56F90 /* Swift_Slot_MachineApp.swift in Sources */,
			);
			runOnlyForDeploymentPostprocessing = 0;
		};
/* End PBXSourcesBuildPhase section */

/* Begin XCBuildConfiguration section */
		9C05D1D5271BEF9700B56F90 /* Debug */ = {
			isa = XCBuildConfiguration;
			buildSettings = {
				ALWAYS_SEARCH_USER_PATHS = NO;
				CLANG_ANALYZER_NONNULL = YES;
				CLANG_ANALYZER_NUMBER_OBJECT_CONVERSION = YES_AGGRESSIVE;
				CLANG_CXX_LANGUAGE_STANDARD = "gnu++14";
				CLANG_CXX_LIBRARY = "libc++";
				CLANG_ENABLE_MODULES = YES;
				CLANG_ENABLE_OBJC_ARC = YES;
				CLANG_ENABLE_OBJC_WEAK = YES;
				CLANG_WARN_BLOCK_CAPTURE_AUTORELEASING = YES;
				CLANG_WARN_BOOL_CONVERSION = YES;
				CLANG_WARN_COMMA = YES;
				CLANG_WARN_CONSTANT_CONVERSION = YES;
				CLANG_WARN_DEPRECATED_OBJC_IMPLEMENTATIONS = YES;
				CLANG_WARN_DIRECT_OBJC_ISA_USAGE = YES_ERROR;
				CLANG_WARN_DOCUMENTATION_COMMENTS = YES;
				CLANG_WARN_EMPTY_BODY = YES;
				CLANG_WARN_ENUM_CONVERSION = YES;
				CLANG_WARN_INFINITE_RECURSION = YES;
				CLANG_WARN_INT_CONVERSION = YES;
				CLANG_WARN_NON_LITERAL_NULL_CONVERSION = YES;
				CLANG_WARN_OBJC_IMPLICIT_RETAIN_SELF = YES;
				CLANG_WARN_OBJC_LITERAL_CONVERSION = YES;
				CLANG_WARN_OBJC_ROOT_CLASS = YES_ERROR;
				CLANG_WARN_QUOTED_INCLUDE_IN_FRAMEWORK_HEADER = YES;
				CLANG_WARN_RANGE_LOOP_ANALYSIS = YES;
				CLANG_WARN_STRICT_PROTOTYPES = YES;
				CLANG_WARN_SUSPICIOUS_MOVE = YES;
				CLANG_WARN_UNGUARDED_AVAILABILITY = YES_AGGRESSIVE;
				CLANG_WARN_UNREACHABLE_CODE = YES;
				CLANG_WARN__DUPLICATE_METHOD_MATCH = YES;
				COPY_PHASE_STRIP = NO;
				DEBUG_INFORMATION_FORMAT = dwarf;
				ENABLE_STRICT_OBJC_MSGSEND = YES;
				ENABLE_TESTABILITY = YES;
				GCC_C_LANGUAGE_STANDARD = gnu11;
				GCC_DYNAMIC_NO_PIC = NO;
				GCC_NO_COMMON_BLOCKS = YES;
				GCC_OPTIMIZATION_LEVEL = 0;
				GCC_PREPROCESSOR_DEFINITIONS = (
					"DEBUG=1",
					"$(inherited)",
				);
				GCC_WARN_64_TO_32_BIT_CONVERSION = YES;
				GCC_WARN_ABOUT_RETURN_TYPE = YES_ERROR;
				GCC_WARN_UNDECLARED_SELECTOR = YES;
				GCC_WARN_UNINITIALIZED_AUTOS = YES_AGGRESSIVE;
				GCC_WARN_UNUSED_FUNCTION = YES;
				GCC_WARN_UNUSED_VARIABLE = YES;
				IPHONEOS_DEPLOYMENT_TARGET = 14.3;
				MTL_ENABLE_DEBUG_INFO = INCLUDE_SOURCE;
				MTL_FAST_MATH = YES;
				ONLY_ACTIVE_ARCH = YES;
				SDKROOT = iphoneos;
				SWIFT_ACTIVE_COMPILATION_CONDITIONS = DEBUG;
				SWIFT_OPTIMIZATION_LEVEL = "-Onone";
			};
			name = Debug;
		};
		9C05D1D6271BEF9700B56F90 /* Release */ = {
			isa = XCBuildConfiguration;
			buildSettings = {
				ALWAYS_SEARCH_USER_PATHS = NO;
				CLANG_ANALYZER_NONNULL = YES;
				CLANG_ANALYZER_NUMBER_OBJECT_CONVERSION = YES_AGGRESSIVE;
				CLANG_CXX_LANGUAGE_STANDARD = "gnu++14";
				CLANG_CXX_LIBRARY = "libc++";
				CLANG_ENABLE_MODULES = YES;
				CLANG_ENABLE_OBJC_ARC = YES;
				CLANG_ENABLE_OBJC_WEAK = YES;
				CLANG_WARN_BLOCK_CAPTURE_AUTORELEASING = YES;
				CLANG_WARN_BOOL_CONVERSION = YES;
				CLANG_WARN_COMMA = YES;
				CLANG_WARN_CONSTANT_CONVERSION = YES;
				CLANG_WARN_DEPRECATED_OBJC_IMPLEMENTATIONS = YES;
				CLANG_WARN_DIRECT_OBJC_ISA_USAGE = YES_ERROR;
				CLANG_WARN_DOCUMENTATION_COMMENTS = YES;
				CLANG_WARN_EMPTY_BODY = YES;
				CLANG_WARN_ENUM_CONVERSION = YES;
				CLANG_WARN_INFINITE_RECURSION = YES;
				CLANG_WARN_INT_CONVERSION = YES;
				CLANG_WARN_NON_LITERAL_NULL_CONVERSION = YES;
				CLANG_WARN_OBJC_IMPLICIT_RETAIN_SELF = YES;
				CLANG_WARN_OBJC_LITERAL_CONVERSION = YES;
				CLANG_WARN_OBJC_ROOT_CLASS = YES_ERROR;
				CLANG_WARN_QUOTED_INCLUDE_IN_FRAMEWORK_HEADER = YES;
				CLANG_WARN_RANGE_LOOP_ANALYSIS = YES;
				CLANG_WARN_STRICT_PROTOTYPES = YES;
				CLANG_WARN_SUSPICIOUS_MOVE = YES;
				CLANG_WARN_UNGUARDED_AVAILABILITY = YES_AGGRESSIVE;
				CLANG_WARN_UNREACHABLE_CODE = YES;
				CLANG_WARN__DUPLICATE_METHOD_MATCH = YES;
				COPY_PHASE_STRIP = NO;
				DEBUG_INFORMATION_FORMAT = "dwarf-with-dsym";
				ENABLE_NS_ASSERTIONS = NO;
				ENABLE_STRICT_OBJC_MSGSEND = YES;
				GCC_C_LANGUAGE_STANDARD = gnu11;
				GCC_NO_COMMON_BLOCKS = YES;
				GCC_WARN_64_TO_32_BIT_CONVERSION = YES;
				GCC_WARN_ABOUT_RETURN_TYPE = YES_ERROR;
				GCC_WARN_UNDECLARED_SELECTOR = YES;
				GCC_WARN_UNINITIALIZED_AUTOS = YES_AGGRESSIVE;
				GCC_WARN_UNUSED_FUNCTION = YES;
				GCC_WARN_UNUSED_VARIABLE = YES;
				IPHONEOS_DEPLOYMENT_TARGET = 14.3;
				MTL_ENABLE_DEBUG_INFO = NO;
				MTL_FAST_MATH = YES;
				SDKROOT = iphoneos;
				SWIFT_COMPILATION_MODE = wholemodule;
				SWIFT_OPTIMIZATION_LEVEL = "-O";
				VALIDATE_PRODUCT = YES;
			};
			name = Release;
		};
		9C05D1D8271BEF9700B56F90 /* Debug */ = {
			isa = XCBuildConfiguration;
			buildSettings = {
				ASSETCATALOG_COMPILER_APPICON_NAME = AppIcon;
				ASSETCATALOG_COMPILER_GLOBAL_ACCENT_COLOR_NAME = AccentColor;
				CODE_SIGN_STYLE = Automatic;
				DEVELOPMENT_ASSET_PATHS = "\"Swift Slot Machine/Preview Content\"";
				DEVELOPMENT_TEAM = 68ZN8UQ4FK;
				ENABLE_PREVIEWS = YES;
				INFOPLIST_FILE = "Swift Slot Machine/Info.plist";
				IPHONEOS_DEPLOYMENT_TARGET = 14.0;
				LD_RUNPATH_SEARCH_PATHS = (
					"$(inherited)",
					"@executable_path/Frameworks",
				);
				PRODUCT_BUNDLE_IDENTIFIER = com.blazewheeler.icasino;
				PRODUCT_NAME = "$(TARGET_NAME)";
				SWIFT_VERSION = 5.0;
				TARGETED_DEVICE_FAMILY = "1,2";
			};
			name = Debug;
		};
		9C05D1D9271BEF9700B56F90 /* Release */ = {
			isa = XCBuildConfiguration;
			buildSettings = {
				ASSETCATALOG_COMPILER_APPICON_NAME = AppIcon;
				ASSETCATALOG_COMPILER_GLOBAL_ACCENT_COLOR_NAME = AccentColor;
				CODE_SIGN_STYLE = Automatic;
				DEVELOPMENT_ASSET_PATHS = "\"Swift Slot Machine/Preview Content\"";
				DEVELOPMENT_TEAM = 68ZN8UQ4FK;
				ENABLE_PREVIEWS = YES;
				INFOPLIST_FILE = "Swift Slot Machine/Info.plist";
				IPHONEOS_DEPLOYMENT_TARGET = 14.0;
				LD_RUNPATH_SEARCH_PATHS = (
					"$(inherited)",
					"@executable_path/Frameworks",
				);
				PRODUCT_BUNDLE_IDENTIFIER = com.blazewheeler.icasino;
				PRODUCT_NAME = "$(TARGET_NAME)";
				SWIFT_VERSION = 5.0;
				TARGETED_DEVICE_FAMILY = "1,2";
			};
			name = Release;
		};
/* End XCBuildConfiguration section */

/* Begin XCConfigurationList section */
		9C05D1C3271BEF8E00B56F90 /* Build configuration list for PBXProject "Swift Slot Machine" */ = {
			isa = XCConfigurationList;
			buildConfigurations = (
				9C05D1D5271BEF9700B56F90 /* Debug */,
				9C05D1D6271BEF9700B56F90 /* Release */,
			);
			defaultConfigurationIsVisible = 0;
			defaultConfigurationName = Release;
		};
		9C05D1D7271BEF9700B56F90 /* Build configuration list for PBXNativeTarget "Icasino" */ = {
			isa = XCConfigurationList;
			buildConfigurations = (
				9C05D1D8271BEF9700B56F90 /* Debug */,
				9C05D1D9271BEF9700B56F90 /* Release */,
			);
			defaultConfigurationIsVisible = 0;
			defaultConfigurationName = Release;
		};
/* End XCConfigurationList section */
	};
	rootObject = 9C05D1C0271BEF8E00B56F90 /* Project object */;
}
